
Microsoft Visual Studio Solution File, Format Version 12.00
# Visual Studio 2012
Project("{FAE04EC0-301F-11D3-BF4B-00C04F79EFBC}") = "Griffin.Decoupled", "Griffin.Decoupled\Griffin.Decoupled.csproj", "{5E4DEE9A-3B45-4F5B-8C8D-A04AD1EF0D36}"
EndProject
Project("{FAE04EC0-301F-11D3-BF4B-00C04F79EFBC}") = "Griffin.Decoupled.Tests", "Griffin.Decoupled.Tests\Griffin.Decoupled.Tests.csproj", "{6970B3D4-0B85-489C-B96D-6EA79B77DFAD}"
EndProject
Project("{2150E333-8FDC-42A3-9474-1A3956D46DE8}") = ".nuget", ".nuget", "{246CB837-0576-49AB-B4E3-1F4B6FDA8D75}"
	ProjectSection(SolutionItems) = preProject
		.nuget\NuGet.Config = .nuget\NuGet.Config
		.nuget\NuGet.exe = .nuget\NuGet.exe
		.nuget\NuGet.targets = .nuget\NuGet.targets
	EndProjectSection
EndProject
Project("{FAE04EC0-301F-11D3-BF4B-00C04F79EFBC}") = "Griffin.Decoupled.RavenDb", "Griffin.Decoupled.RavenDb\Griffin.Decoupled.RavenDb.csproj", "{973254E2-ECFD-4CFC-A370-870183EC7BCB}"
EndProject
Project("{FAE04EC0-301F-11D3-BF4B-00C04F79EFBC}") = "Griffin.Decoupled.RavenDb.Embedded", "Griffin.Decoupled.RavenDb.Embedded\Griffin.Decoupled.RavenDb.Embedded.csproj", "{45917952-6814-4706-A428-F5C9E8B3FD3A}"
EndProject
Project("{FAE04EC0-301F-11D3-BF4B-00C04F79EFBC}") = "Griffin.Decoupled.Container", "Griffin.Decoupled.Container\Griffin.Decoupled.Container.csproj", "{C0C624D4-CB13-4916-9359-F117492054A4}"
EndProject
Project("{2150E333-8FDC-42A3-9474-1A3956D46DE8}") = "Samples", "Samples", "{181EF8F4-1431-4732-8C82-F64FDD50CED8}"
EndProject
Project("{FAE04EC0-301F-11D3-BF4B-00C04F79EFBC}") = "Sample 1 - Hello domain event", "samples\Sample 1 - Hello domain event\Sample 1 - Hello domain event.csproj", "{031453AE-083E-4E9A-A7EE-2BDD7389B111}"
EndProject
Global
	GlobalSection(SolutionConfigurationPlatforms) = preSolution
		Debug|Any CPU = Debug|Any CPU
		Release|Any CPU = Release|Any CPU
	EndGlobalSection
	GlobalSection(ProjectConfigurationPlatforms) = postSolution
		{5E4DEE9A-3B45-4F5B-8C8D-A04AD1EF0D36}.Debug|Any CPU.ActiveCfg = Debug|Any CPU
		{5E4DEE9A-3B45-4F5B-8C8D-A04AD1EF0D36}.Debug|Any CPU.Build.0 = Debug|Any CPU
		{5E4DEE9A-3B45-4F5B-8C8D-A04AD1EF0D36}.Release|Any CPU.ActiveCfg = Release|Any CPU
		{5E4DEE9A-3B45-4F5B-8C8D-A04AD1EF0D36}.Release|Any CPU.Build.0 = Release|Any CPU
		{6970B3D4-0B85-489C-B96D-6EA79B77DFAD}.Debug|Any CPU.ActiveCfg = Debug|Any CPU
		{6970B3D4-0B85-489C-B96D-6EA79B77DFAD}.Debug|Any CPU.Build.0 = Debug|Any CPU
		{6970B3D4-0B85-489C-B96D-6EA79B77DFAD}.Release|Any CPU.ActiveCfg = Release|Any CPU
		{6970B3D4-0B85-489C-B96D-6EA79B77DFAD}.Release|Any CPU.Build.0 = Release|Any CPU
		{973254E2-ECFD-4CFC-A370-870183EC7BCB}.Debug|Any CPU.ActiveCfg = Debug|Any CPU
		{973254E2-ECFD-4CFC-A370-870183EC7BCB}.Debug|Any CPU.Build.0 = Debug|Any CPU
		{973254E2-ECFD-4CFC-A370-870183EC7BCB}.Release|Any CPU.ActiveCfg = Release|Any CPU
		{973254E2-ECFD-4CFC-A370-870183EC7BCB}.Release|Any CPU.Build.0 = Release|Any CPU
		{45917952-6814-4706-A428-F5C9E8B3FD3A}.Debug|Any CPU.ActiveCfg = Debug|Any CPU
		{45917952-6814-4706-A428-F5C9E8B3FD3A}.Debug|Any CPU.Build.0 = Debug|Any CPU
		{45917952-6814-4706-A428-F5C9E8B3FD3A}.Release|Any CPU.ActiveCfg = Release|Any CPU
		{45917952-6814-4706-A428-F5C9E8B3FD3A}.Release|Any CPU.Build.0 = Release|Any CPU
		{C0C624D4-CB13-4916-9359-F117492054A4}.Debug|Any CPU.ActiveCfg = Debug|Any CPU
		{C0C624D4-CB13-4916-9359-F117492054A4}.Debug|Any CPU.Build.0 = Debug|Any CPU
		{C0C624D4-CB13-4916-9359-F117492054A4}.Release|Any CPU.ActiveCfg = Release|Any CPU
		{C0C624D4-CB13-4916-9359-F117492054A4}.Release|Any CPU.Build.0 = Release|Any CPU
		{031453AE-083E-4E9A-A7EE-2BDD7389B111}.Debug|Any CPU.ActiveCfg = Debug|Any CPU
		{031453AE-083E-4E9A-A7EE-2BDD7389B111}.Debug|Any CPU.Build.0 = Debug|Any CPU
		{031453AE-083E-4E9A-A7EE-2BDD7389B111}.Release|Any CPU.ActiveCfg = Release|Any CPU
		{031453AE-083E-4E9A-A7EE-2BDD7389B111}.Release|Any CPU.Build.0 = Release|Any CPU
	EndGlobalSection
	GlobalSection(SolutionProperties) = preSolution
		HideSolutionNode = FALSE
	EndGlobalSection
	GlobalSection(NestedProjects) = preSolution
		{031453AE-083E-4E9A-A7EE-2BDD7389B111} = {181EF8F4-1431-4732-8C82-F64FDD50CED8}
	EndGlobalSection
EndGlobal
